// !$*UTF8*$!
{
	archiveVersion = 1;
	classes = {
	};
	objectVersion = 50;
	objects = {

/* Begin PBXBuildFile section */
		5F91EB6D26B45C32003BBA07 /* AppDelegate.swift in Sources */ = {isa = PBXBuildFile; fileRef = 5F91EB6C26B45C32003BBA07 /* AppDelegate.swift */; };
		5F91EB6F26B45C32003BBA07 /* SceneDelegate.swift in Sources */ = {isa = PBXBuildFile; fileRef = 5F91EB6E26B45C32003BBA07 /* SceneDelegate.swift */; };
		5F91EB7126B45C32003BBA07 /* ViewController.swift in Sources */ = {isa = PBXBuildFile; fileRef = 5F91EB7026B45C32003BBA07 /* ViewController.swift */; };
		5F91EB7426B45C32003BBA07 /* Main.storyboard in Resources */ = {isa = PBXBuildFile; fileRef = 5F91EB7226B45C32003BBA07 /* Main.storyboard */; };
		5F91EB7626B45C33003BBA07 /* Assets.xcassets in Resources */ = {isa = PBXBuildFile; fileRef = 5F91EB7526B45C33003BBA07 /* Assets.xcassets */; };
		5F91EB7926B45C33003BBA07 /* LaunchScreen.storyboard in Resources */ = {isa = PBXBuildFile; fileRef = 5F91EB7726B45C33003BBA07 /* LaunchScreen.storyboard */; };
/* End PBXBuildFile section */

/* Begin PBXFileReference section */
		5F91EB6926B45C32003BBA07 /* VideoGamesApp.app */ = {isa = PBXFileReference; explicitFileType = wrapper.application; includeInIndex = 0; path = VideoGamesApp.app; sourceTree = BUILT_PRODUCTS_DIR; };
		5F91EB6C26B45C32003BBA07 /* AppDelegate.swift */ = {isa = PBXFileReference; lastKnownFileType = sourcecode.swift; path = AppDelegate.swift; sourceTree = "<group>"; };
		5F91EB6E26B45C32003BBA07 /* SceneDelegate.swift */ = {isa = PBXFileReference; lastKnownFileType = sourcecode.swift; path = SceneDelegate.swift; sourceTree = "<group>"; };
		5F91EB7026B45C32003BBA07 /* ViewController.swift */ = {isa = PBXFileReference; lastKnownFileType = sourcecode.swift; path = ViewController.swift; sourceTree = "<group>"; };
		5F91EB7326B45C32003BBA07 /* Base */ = {isa = PBXFileReference; lastKnownFileType = file.storyboard; name = Base; path = Base.lproj/Main.storyboard; sourceTree = "<group>"; };
		5F91EB7526B45C33003BBA07 /* Assets.xcassets */ = {isa = PBXFileReference; lastKnownFileType = folder.assetcatalog; path = Assets.xcassets; sourceTree = "<group>"; };
		5F91EB7826B45C33003BBA07 /* Base */ = {isa = PBXFileReference; lastKnownFileType = file.storyboard; name = Base; path = Base.lproj/LaunchScreen.storyboard; sourceTree = "<group>"; };
		5F91EB7A26B45C33003BBA07 /* Info.plist */ = {isa = PBXFileReference; lastKnownFileType = text.plist.xml; path = Info.plist; sourceTree = "<group>"; };
/* End PBXFileReference section */

/* Begin PBXFrameworksBuildPhase section */
		5F91EB6626B45C32003BBA07 /* Frameworks */ = {
			isa = PBXFrameworksBuildPhase;
			buildActionMask = 2147483647;
			files = (
			);
			runOnlyForDeploymentPostprocessing = 0;
		};
/* End PBXFrameworksBuildPhase section */

/* Begin PBXGroup section */
		5F91EB6026B45C32003BBA07 = {
			isa = PBXGroup;
			children = (
				5F91EB6B26B45C32003BBA07 /* VideoGamesApp */,
				5F91EB6A26B45C32003BBA07 /* Products */,
			);
			sourceTree = "<group>";
		};
		5F91EB6A26B45C32003BBA07 /* Products */ = {
			isa = PBXGroup;
			children = (
				5F91EB6926B45C32003BBA07 /* VideoGamesApp.app */,
			);
			name = Products;
			sourceTree = "<group>";
		};
		5F91EB6B26B45C32003BBA07 /* VideoGamesApp */ = {
			isa = PBXGroup;
			children = (
				5F91EB6C26B45C32003BBA07 /* AppDelegate.swift */,
				5F91EB6E26B45C32003BBA07 /* SceneDelegate.swift */,
				5F91EB7026B45C32003BBA07 /* ViewController.swift */,
				5F91EB7226B45C32003BBA07 /* Main.storyboard */,
				5F91EB7526B45C33003BBA07 /* Assets.xcassets */,
				5F91EB7726B45C33003BBA07 /* LaunchScreen.storyboard */,
				5F91EB7A26B45C33003BBA07 /* Info.plist */,
			);
			path = VideoGamesApp;
			sourceTree = "<group>";
		};
/* End PBXGroup section */

/* Begin PBXNativeTarget section */
		5F91EB6826B45C32003BBA07 /* VideoGamesApp */ = {
			isa = PBXNativeTarget;
			buildConfigurationList = 5F91EB7D26B45C33003BBA07 /* Build configuration list for PBXNativeTarget "VideoGamesApp" */;
			buildPhases = (
				5F91EB6526B45C32003BBA07 /* Sources */,
				5F91EB6626B45C32003BBA07 /* Frameworks */,
				5F91EB6726B45C32003BBA07 /* Resources */,
			);
			buildRules = (
			);
			dependencies = (
			);
			name = VideoGamesApp;
			productName = VideoGamesApp;
			productReference = 5F91EB6926B45C32003BBA07 /* VideoGamesApp.app */;
			productType = "com.apple.product-type.application";
		};
/* End PBXNativeTarget section */

/* Begin PBXProject section */
		5F91EB6126B45C32003BBA07 /* Project object */ = {
			isa = PBXProject;
			attributes = {
				LastSwiftUpdateCheck = 1240;
				LastUpgradeCheck = 1240;
				TargetAttributes = {
					5F91EB6826B45C32003BBA07 = {
						CreatedOnToolsVersion = 12.4;
					};
				};
			};
			buildConfigurationList = 5F91EB6426B45C32003BBA07 /* Build configuration list for PBXProject "VideoGamesApp" */;
			compatibilityVersion = "Xcode 9.3";
			developmentRegion = en;
			hasScannedForEncodings = 0;
			knownRegions = (
				en,
				Base,
			);
			mainGroup = 5F91EB6026B45C32003BBA07;
			productRefGroup = 5F91EB6A26B45C32003BBA07 /* Products */;
			projectDirPath = "";
			projectRoot = "";
			targets = (
				5F91EB6826B45C32003BBA07 /* VideoGamesApp */,
			);
		};
/* End PBXProject section */

/* Begin PBXResourcesBuildPhase section */
		5F91EB6726B45C32003BBA07 /* Resources */ = {
			isa = PBXResourcesBuildPhase;
			buildActionMask = 2147483647;
			files = (
				5F91EB7926B45C33003BBA07 /* LaunchScreen.storyboard in Resources */,
				5F91EB7626B45C33003BBA07 /* Assets.xcassets in Resources */,
				5F91EB7426B45C32003BBA07 /* Main.storyboard in Resources */,
			);
			runOnlyForDeploymentPostprocessing = 0;
		};
/* End PBXResourcesBuildPhase section */

/* Begin PBXSourcesBuildPhase section */
		5F91EB6526B45C32003BBA07 /* Sources */ = {
			isa = PBXSourcesBuildPhase;
			buildActionMask = 2147483647;
			files = (
				5F91EB7126B45C32003BBA07 /* ViewController.swift in Sources */,
				5F91EB6D26B45C32003BBA07 /* AppDelegate.swift in Sources */,
				5F91EB6F26B45C32003BBA07 /* SceneDelegate.swift in Sources */,
			);
			runOnlyForDeploymentPostprocessing = 0;
		};
/* End PBXSourcesBuildPhase section */

/* Begin PBXVariantGroup section */
		5F91EB7226B45C32003BBA07 /* Main.storyboard */ = {
			isa = PBXVariantGroup;
			children = (
				5F91EB7326B45C32003BBA07 /* Base */,
			);
			name = Main.storyboard;
			sourceTree = "<group>";
		};
		5F91EB7726B45C33003BBA07 /* LaunchScreen.storyboard */ = {
			isa = PBXVariantGroup;
			children = (
				5F91EB7826B45C33003BBA07 /* Base */,
			);
			name = LaunchScreen.storyboard;
			sourceTree = "<group>";
		};
/* End PBXVariantGroup section */

/* Begin XCBuildConfiguration section */
		5F91EB7B26B45C33003BBA07 /* Debug */ = {
			isa = XCBuildConfiguration;
			buildSettings = {
				ALWAYS_SEARCH_USER_PATHS = NO;
				CLANG_ANALYZER_NONNULL = YES;
				CLANG_ANALYZER_NUMBER_OBJECT_CONVERSION = YES_AGGRESSIVE;
				CLANG_CXX_LANGUAGE_STANDARD = "gnu++14";
				CLANG_CXX_LIBRARY = "libc++";
				CLANG_ENABLE_MODULES = YES;
				CLANG_ENABLE_OBJC_ARC = YES;
				CLANG_ENABLE_OBJC_WEAK = YES;
				CLANG_WARN_BLOCK_CAPTURE_AUTORELEASING = YES;
				CLANG_WARN_BOOL_CONVERSION = YES;
				CLANG_WARN_COMMA = YES;
				CLANG_WARN_CONSTANT_CONVERSION = YES;
				CLANG_WARN_DEPRECATED_OBJC_IMPLEMENTATIONS = YES;
				CLANG_WARN_DIRECT_OBJC_ISA_USAGE = YES_ERROR;
				CLANG_WARN_DOCUMENTATION_COMMENTS = YES;
				CLANG_WARN_EMPTY_BODY = YES;
				CLANG_WARN_ENUM_CONVERSION = YES;
				CLANG_WARN_INFINITE_RECURSION = YES;
				CLANG_WARN_INT_CONVERSION = YES;
				CLANG_WARN_NON_LITERAL_NULL_CONVERSION = YES;
				CLANG_WARN_OBJC_IMPLICIT_RETAIN_SELF = YES;
				CLANG_WARN_OBJC_LITERAL_CONVERSION = YES;
				CLANG_WARN_OBJC_ROOT_CLASS = YES_ERROR;
				CLANG_WARN_QUOTED_INCLUDE_IN_FRAMEWORK_HEADER = YES;
				CLANG_WARN_RANGE_LOOP_ANALYSIS = YES;
				CLANG_WARN_STRICT_PROTOTYPES = YES;
				CLANG_WARN_SUSPICIOUS_MOVE = YES;
				CLANG_WARN_UNGUARDED_AVAILABILITY = YES_AGGRESSIVE;
				CLANG_WARN_UNREACHABLE_CODE = YES;
				CLANG_WARN__DUPLICATE_METHOD_MATCH = YES;
				COPY_PHASE_STRIP = NO;
				DEBUG_INFORMATION_FORMAT = dwarf;
				ENABLE_STRICT_OBJC_MSGSEND = YES;
				ENABLE_TESTABILITY = YES;
				GCC_C_LANGUAGE_STANDARD = gnu11;
				GCC_DYNAMIC_NO_PIC = NO;
				GCC_NO_COMMON_BLOCKS = YES;
				GCC_OPTIMIZATION_LEVEL = 0;
				GCC_PREPROCESSOR_DEFINITIONS = (
					"DEBUG=1",
					"$(inherited)",
				);
				GCC_WARN_64_TO_32_BIT_CONVERSION = YES;
				GCC_WARN_ABOUT_RETURN_TYPE = YES_ERROR;
				GCC_WARN_UNDECLARED_SELECTOR = YES;
				GCC_WARN_UNINITIALIZED_AUTOS = YES_AGGRESSIVE;
				GCC_WARN_UNUSED_FUNCTION = YES;
				GCC_WARN_UNUSED_VARIABLE = YES;
				IPHONEOS_DEPLOYMENT_TARGET = 14.4;
				MTL_ENABLE_DEBUG_INFO = INCLUDE_SOURCE;
				MTL_FAST_MATH = YES;
				ONLY_ACTIVE_ARCH = YES;
				SDKROOT = iphoneos;
				SWIFT_ACTIVE_COMPILATION_CONDITIONS = DEBUG;
				SWIFT_OPTIMIZATION_LEVEL = "-Onone";
			};
			name = Debug;
		};
		5F91EB7C26B45C33003BBA07 /* Release */ = {
			isa = XCBuildConfiguration;
			buildSettings = {
				ALWAYS_SEARCH_USER_PATHS = NO;
				CLANG_ANALYZER_NONNULL = YES;
				CLANG_ANALYZER_NUMBER_OBJECT_CONVERSION = YES_AGGRESSIVE;
				CLANG_CXX_LANGUAGE_STANDARD = "gnu++14";
				CLANG_CXX_LIBRARY = "libc++";
				CLANG_ENABLE_MODULES = YES;
				CLANG_ENABLE_OBJC_ARC = YES;
				CLANG_ENABLE_OBJC_WEAK = YES;
				CLANG_WARN_BLOCK_CAPTURE_AUTORELEASING = YES;
				CLANG_WARN_BOOL_CONVERSION = YES;
				CLANG_WARN_COMMA = YES;
				CLANG_WARN_CONSTANT_CONVERSION = YES;
				CLANG_WARN_DEPRECATED_OBJC_IMPLEMENTATIONS = YES;
				CLANG_WARN_DIRECT_OBJC_ISA_USAGE = YES_ERROR;
				CLANG_WARN_DOCUMENTATION_COMMENTS = YES;
				CLANG_WARN_EMPTY_BODY = YES;
				CLANG_WARN_ENUM_CONVERSION = YES;
				CLANG_WARN_INFINITE_RECURSION = YES;
				CLANG_WARN_INT_CONVERSION = YES;
				CLANG_WARN_NON_LITERAL_NULL_CONVERSION = YES;
				CLANG_WARN_OBJC_IMPLICIT_RETAIN_SELF = YES;
				CLANG_WARN_OBJC_LITERAL_CONVERSION = YES;
				CLANG_WARN_OBJC_ROOT_CLASS = YES_ERROR;
				CLANG_WARN_QUOTED_INCLUDE_IN_FRAMEWORK_HEADER = YES;
				CLANG_WARN_RANGE_LOOP_ANALYSIS = YES;
				CLANG_WARN_STRICT_PROTOTYPES = YES;
				CLANG_WARN_SUSPICIOUS_MOVE = YES;
				CLANG_WARN_UNGUARDED_AVAILABILITY = YES_AGGRESSIVE;
				CLANG_WARN_UNREACHABLE_CODE = YES;
				CLANG_WARN__DUPLICATE_METHOD_MATCH = YES;
				COPY_PHASE_STRIP = NO;
				DEBUG_INFORMATION_FORMAT = "dwarf-with-dsym";
				ENABLE_NS_ASSERTIONS = NO;
				ENABLE_STRICT_OBJC_MSGSEND = YES;
				GCC_C_LANGUAGE_STANDARD = gnu11;
				GCC_NO_COMMON_BLOCKS = YES;
				GCC_WARN_64_TO_32_BIT_CONVERSION = YES;
				GCC_WARN_ABOUT_RETURN_TYPE = YES_ERROR;
				GCC_WARN_UNDECLARED_SELECTOR = YES;
				GCC_WARN_UNINITIALIZED_AUTOS = YES_AGGRESSIVE;
				GCC_WARN_UNUSED_FUNCTION = YES;
				GCC_WARN_UNUSED_VARIABLE = YES;
				IPHONEOS_DEPLOYMENT_TARGET = 14.4;
				MTL_ENABLE_DEBUG_INFO = NO;
				MTL_FAST_MATH = YES;
				SDKROOT = iphoneos;
				SWIFT_COMPILATION_MODE = wholemodule;
				SWIFT_OPTIMIZATION_LEVEL = "-O";
				VALIDATE_PRODUCT = YES;
			};
			name = Release;
		};
		5F91EB7E26B45C33003BBA07 /* Debug */ = {
			isa = XCBuildConfiguration;
			buildSettings = {
				ASSETCATALOG_COMPILER_APPICON_NAME = AppIcon;
				ASSETCATALOG_COMPILER_GLOBAL_ACCENT_COLOR_NAME = AccentColor;
				CODE_SIGN_STYLE = Automatic;
				DEVELOPMENT_TEAM = P29435PSW2;
				INFOPLIST_FILE = VideoGamesApp/Info.plist;
				LD_RUNPATH_SEARCH_PATHS = (
					"$(inherited)",
					"@executable_path/Frameworks",
				);
				PRODUCT_BUNDLE_IDENTIFIER = pers.egemeninceler.VideoGamesApp;
				PRODUCT_NAME = "$(TARGET_NAME)";
				SWIFT_VERSION = 5.0;
				TARGETED_DEVICE_FAMILY = "1,2";
			};
			name = Debug;
		};
		5F91EB7F26B45C33003BBA07 /* Release */ = {
			isa = XCBuildConfiguration;
			buildSettings = {
				ASSETCATALOG_COMPILER_APPICON_NAME = AppIcon;
				ASSETCATALOG_COMPILER_GLOBAL_ACCENT_COLOR_NAME = AccentColor;
				CODE_SIGN_STYLE = Automatic;
				DEVELOPMENT_TEAM = P29435PSW2;
				INFOPLIST_FILE = VideoGamesApp/Info.plist;
				LD_RUNPATH_SEARCH_PATHS = (
					"$(inherited)",
					"@executable_path/Frameworks",
				);
				PRODUCT_BUNDLE_IDENTIFIER = pers.egemeninceler.VideoGamesApp;
				PRODUCT_NAME = "$(TARGET_NAME)";
				SWIFT_VERSION = 5.0;
				TARGETED_DEVICE_FAMILY = "1,2";
			};
			name = Release;
		};
/* End XCBuildConfiguration section */

/* Begin XCConfigurationList section */
		5F91EB6426B45C32003BBA07 /* Build configuration list for PBXProject "VideoGamesApp" */ = {
			isa = XCConfigurationList;
			buildConfigurations = (
				5F91EB7B26B45C33003BBA07 /* Debug */,
				5F91EB7C26B45C33003BBA07 /* Release */,
			);
			defaultConfigurationIsVisible = 0;
			defaultConfigurationName = Release;
		};
		5F91EB7D26B45C33003BBA07 /* Build configuration list for PBXNativeTarget "VideoGamesApp" */ = {
			isa = XCConfigurationList;
			buildConfigurations = (
				5F91EB7E26B45C33003BBA07 /* Debug */,
				5F91EB7F26B45C33003BBA07 /* Release */,
			);
			defaultConfigurationIsVisible = 0;
			defaultConfigurationName = Release;
		};
/* End XCConfigurationList section */
	};
	rootObject = 5F91EB6126B45C32003BBA07 /* Project object */;
}
