// !$*UTF8*$!
{
	archiveVersion = 1;
	classes = {
	};
	objectVersion = 50;
	objects = {

/* Begin PBXBuildFile section */
		5F3489CB269CC19200C2218B /* AppDelegate.swift in Sources */ = {isa = PBXBuildFile; fileRef = 5F3489CA269CC19200C2218B /* AppDelegate.swift */; };
		5F3489CD269CC19200C2218B /* SceneDelegate.swift in Sources */ = {isa = PBXBuildFile; fileRef = 5F3489CC269CC19200C2218B /* SceneDelegate.swift */; };
		5F3489CF269CC19200C2218B /* ViewController.swift in Sources */ = {isa = PBXBuildFile; fileRef = 5F3489CE269CC19200C2218B /* ViewController.swift */; };
		5F3489D2269CC19200C2218B /* Main.storyboard in Resources */ = {isa = PBXBuildFile; fileRef = 5F3489D0269CC19200C2218B /* Main.storyboard */; };
		5F3489D4269CC19400C2218B /* Assets.xcassets in Resources */ = {isa = PBXBuildFile; fileRef = 5F3489D3269CC19400C2218B /* Assets.xcassets */; };
		5F3489D7269CC19400C2218B /* LaunchScreen.storyboard in Resources */ = {isa = PBXBuildFile; fileRef = 5F3489D5269CC19400C2218B /* LaunchScreen.storyboard */; };
		5F3489E6269CC2E600C2218B /* MovieCell.swift in Sources */ = {isa = PBXBuildFile; fileRef = 5F3489E5269CC2E600C2218B /* MovieCell.swift */; };
		5F3489ED269CC6F700C2218B /* MovieResponse.swift in Sources */ = {isa = PBXBuildFile; fileRef = 5F3489EC269CC6F700C2218B /* MovieResponse.swift */; };
		5F3489F1269CC7E900C2218B /* MoviesResponse.swift in Sources */ = {isa = PBXBuildFile; fileRef = 5F3489F0269CC7E900C2218B /* MoviesResponse.swift */; };
		5F3489F6269CC82B00C2218B /* NetworkManager.swift in Sources */ = {isa = PBXBuildFile; fileRef = 5F3489F5269CC82B00C2218B /* NetworkManager.swift */; };
		5F3489FA269CC83300C2218B /* DatabaseManager.swift in Sources */ = {isa = PBXBuildFile; fileRef = 5F3489F9269CC83300C2218B /* DatabaseManager.swift */; };
		5F415C8D26A0B88900421D49 /* Constants.swift in Sources */ = {isa = PBXBuildFile; fileRef = 5F415C8C26A0B88900421D49 /* Constants.swift */; };
		5F5D3E92269EBEB600CC046B /* DetailVC.swift in Sources */ = {isa = PBXBuildFile; fileRef = 5F5D3E91269EBEB600CC046B /* DetailVC.swift */; };
		5F6177AA26A1AFB8001FD222 /* TheMovieDBTests.swift in Sources */ = {isa = PBXBuildFile; fileRef = 5F6177A926A1AFB8001FD222 /* TheMovieDBTests.swift */; };
		5F6177BA26A1BC9A001FD222 /* TheMovieDBUITests.swift in Sources */ = {isa = PBXBuildFile; fileRef = 5F6177B926A1BC9A001FD222 /* TheMovieDBUITests.swift */; };
		5FB39E53269F0D6100CE5681 /* SearchResponse.swift in Sources */ = {isa = PBXBuildFile; fileRef = 5FB39E52269F0D6100CE5681 /* SearchResponse.swift */; };
		5FB4847426A5F7DF004D4633 /* EmptyState.swift in Sources */ = {isa = PBXBuildFile; fileRef = 5FB4847326A5F7DF004D4633 /* EmptyState.swift */; };
		5FD1D2B3269E187900A42816 /* Movie.swift in Sources */ = {isa = PBXBuildFile; fileRef = 5FD1D2B2269E187900A42816 /* Movie.swift */; };
		5FD6D69926A41D2C00FA7593 /* MovieModel.xcdatamodeld in Sources */ = {isa = PBXBuildFile; fileRef = 5FD6D69726A41D2C00FA7593 /* MovieModel.xcdatamodeld */; };
/* End PBXBuildFile section */

/* Begin PBXContainerItemProxy section */
		5F6177AC26A1AFB8001FD222 /* PBXContainerItemProxy */ = {
			isa = PBXContainerItemProxy;
			containerPortal = 5F3489BF269CC19200C2218B /* Project object */;
			proxyType = 1;
			remoteGlobalIDString = 5F3489C6269CC19200C2218B;
			remoteInfo = TheMovieDB;
		};
		5F6177BC26A1BC9A001FD222 /* PBXContainerItemProxy */ = {
			isa = PBXContainerItemProxy;
			containerPortal = 5F3489BF269CC19200C2218B /* Project object */;
			proxyType = 1;
			remoteGlobalIDString = 5F3489C6269CC19200C2218B;
			remoteInfo = TheMovieDB;
		};
/* End PBXContainerItemProxy section */

/* Begin PBXFileReference section */
		5F3489C7269CC19200C2218B /* TheMovieDB.app */ = {isa = PBXFileReference; explicitFileType = wrapper.application; includeInIndex = 0; path = TheMovieDB.app; sourceTree = BUILT_PRODUCTS_DIR; };
		5F3489CA269CC19200C2218B /* AppDelegate.swift */ = {isa = PBXFileReference; lastKnownFileType = sourcecode.swift; path = AppDelegate.swift; sourceTree = "<group>"; };
		5F3489CC269CC19200C2218B /* SceneDelegate.swift */ = {isa = PBXFileReference; lastKnownFileType = sourcecode.swift; path = SceneDelegate.swift; sourceTree = "<group>"; };
		5F3489CE269CC19200C2218B /* ViewController.swift */ = {isa = PBXFileReference; lastKnownFileType = sourcecode.swift; path = ViewController.swift; sourceTree = "<group>"; };
		5F3489D1269CC19200C2218B /* Base */ = {isa = PBXFileReference; lastKnownFileType = file.storyboard; name = Base; path = Base.lproj/Main.storyboard; sourceTree = "<group>"; };
		5F3489D3269CC19400C2218B /* Assets.xcassets */ = {isa = PBXFileReference; lastKnownFileType = folder.assetcatalog; path = Assets.xcassets; sourceTree = "<group>"; };
		5F3489D6269CC19400C2218B /* Base */ = {isa = PBXFileReference; lastKnownFileType = file.storyboard; name = Base; path = Base.lproj/LaunchScreen.storyboard; sourceTree = "<group>"; };
		5F3489D8269CC19400C2218B /* Info.plist */ = {isa = PBXFileReference; lastKnownFileType = text.plist.xml; path = Info.plist; sourceTree = "<group>"; };
		5F3489E5269CC2E600C2218B /* MovieCell.swift */ = {isa = PBXFileReference; lastKnownFileType = sourcecode.swift; path = MovieCell.swift; sourceTree = "<group>"; };
		5F3489EC269CC6F700C2218B /* MovieResponse.swift */ = {isa = PBXFileReference; lastKnownFileType = sourcecode.swift; path = MovieResponse.swift; sourceTree = "<group>"; };
		5F3489F0269CC7E900C2218B /* MoviesResponse.swift */ = {isa = PBXFileReference; lastKnownFileType = sourcecode.swift; path = MoviesResponse.swift; sourceTree = "<group>"; };
		5F3489F5269CC82B00C2218B /* NetworkManager.swift */ = {isa = PBXFileReference; lastKnownFileType = sourcecode.swift; path = NetworkManager.swift; sourceTree = "<group>"; };
		5F3489F9269CC83300C2218B /* DatabaseManager.swift */ = {isa = PBXFileReference; lastKnownFileType = sourcecode.swift; path = DatabaseManager.swift; sourceTree = "<group>"; };
		5F415C8C26A0B88900421D49 /* Constants.swift */ = {isa = PBXFileReference; lastKnownFileType = sourcecode.swift; path = Constants.swift; sourceTree = "<group>"; };
		5F5D3E91269EBEB600CC046B /* DetailVC.swift */ = {isa = PBXFileReference; lastKnownFileType = sourcecode.swift; path = DetailVC.swift; sourceTree = "<group>"; };
		5F6177A726A1AFB8001FD222 /* TheMovieDBTests.xctest */ = {isa = PBXFileReference; explicitFileType = wrapper.cfbundle; includeInIndex = 0; path = TheMovieDBTests.xctest; sourceTree = BUILT_PRODUCTS_DIR; };
		5F6177A926A1AFB8001FD222 /* TheMovieDBTests.swift */ = {isa = PBXFileReference; lastKnownFileType = sourcecode.swift; path = TheMovieDBTests.swift; sourceTree = "<group>"; };
		5F6177AB26A1AFB8001FD222 /* Info.plist */ = {isa = PBXFileReference; lastKnownFileType = text.plist.xml; path = Info.plist; sourceTree = "<group>"; };
		5F6177B726A1BC9A001FD222 /* TheMovieDBUITests.xctest */ = {isa = PBXFileReference; explicitFileType = wrapper.cfbundle; includeInIndex = 0; path = TheMovieDBUITests.xctest; sourceTree = BUILT_PRODUCTS_DIR; };
		5F6177B926A1BC9A001FD222 /* TheMovieDBUITests.swift */ = {isa = PBXFileReference; lastKnownFileType = sourcecode.swift; path = TheMovieDBUITests.swift; sourceTree = "<group>"; };
		5F6177BB26A1BC9A001FD222 /* Info.plist */ = {isa = PBXFileReference; lastKnownFileType = text.plist.xml; path = Info.plist; sourceTree = "<group>"; };
		5FB39E52269F0D6100CE5681 /* SearchResponse.swift */ = {isa = PBXFileReference; lastKnownFileType = sourcecode.swift; path = SearchResponse.swift; sourceTree = "<group>"; };
		5FB4847326A5F7DF004D4633 /* EmptyState.swift */ = {isa = PBXFileReference; lastKnownFileType = sourcecode.swift; path = EmptyState.swift; sourceTree = "<group>"; };
		5FD1D2B2269E187900A42816 /* Movie.swift */ = {isa = PBXFileReference; lastKnownFileType = sourcecode.swift; path = Movie.swift; sourceTree = "<group>"; };
		5FD6D69826A41D2C00FA7593 /* MovieModel.xcdatamodel */ = {isa = PBXFileReference; lastKnownFileType = wrapper.xcdatamodel; path = MovieModel.xcdatamodel; sourceTree = "<group>"; };
/* End PBXFileReference section */

/* Begin PBXFrameworksBuildPhase section */
		5F3489C4269CC19200C2218B /* Frameworks */ = {
			isa = PBXFrameworksBuildPhase;
			buildActionMask = 2147483647;
			files = (
			);
			runOnlyForDeploymentPostprocessing = 0;
		};
		5F6177A426A1AFB8001FD222 /* Frameworks */ = {
			isa = PBXFrameworksBuildPhase;
			buildActionMask = 2147483647;
			files = (
			);
			runOnlyForDeploymentPostprocessing = 0;
		};
		5F6177B426A1BC9A001FD222 /* Frameworks */ = {
			isa = PBXFrameworksBuildPhase;
			buildActionMask = 2147483647;
			files = (
			);
			runOnlyForDeploymentPostprocessing = 0;
		};
/* End PBXFrameworksBuildPhase section */

/* Begin PBXGroup section */
		5F3489BE269CC19200C2218B = {
			isa = PBXGroup;
			children = (
				5F3489C9269CC19200C2218B /* TheMovieDB */,
				5F6177A826A1AFB8001FD222 /* TheMovieDBTests */,
				5F6177B826A1BC9A001FD222 /* TheMovieDBUITests */,
				5F3489C8269CC19200C2218B /* Products */,
			);
			sourceTree = "<group>";
		};
		5F3489C8269CC19200C2218B /* Products */ = {
			isa = PBXGroup;
			children = (
				5F3489C7269CC19200C2218B /* TheMovieDB.app */,
				5F6177A726A1AFB8001FD222 /* TheMovieDBTests.xctest */,
				5F6177B726A1BC9A001FD222 /* TheMovieDBUITests.xctest */,
			);
			name = Products;
			sourceTree = "<group>";
		};
		5F3489C9269CC19200C2218B /* TheMovieDB */ = {
			isa = PBXGroup;
			children = (
				5F415C8B26A0B86900421D49 /* Utilities */,
				5F3489F4269CC82000C2218B /* Managers */,
				5F3489E3269CC2BC00C2218B /* Cells */,
				5F3489E1269CC1DD00C2218B /* CustomView */,
				5F3489E0269CC1D600C2218B /* Controller */,
				5F3489DF269CC1D000C2218B /* Model */,
				5F3489CA269CC19200C2218B /* AppDelegate.swift */,
				5F3489CC269CC19200C2218B /* SceneDelegate.swift */,
				5F3489D0269CC19200C2218B /* Main.storyboard */,
				5F3489D3269CC19400C2218B /* Assets.xcassets */,
				5F3489D5269CC19400C2218B /* LaunchScreen.storyboard */,
				5F3489D8269CC19400C2218B /* Info.plist */,
				5FD6D69726A41D2C00FA7593 /* MovieModel.xcdatamodeld */,
			);
			path = TheMovieDB;
			sourceTree = "<group>";
		};
		5F3489DF269CC1D000C2218B /* Model */ = {
			isa = PBXGroup;
			children = (
				5FB39E51269F0D4500CE5681 /* Response */,
				5FD1D2B2269E187900A42816 /* Movie.swift */,
			);
			name = Model;
			sourceTree = "<group>";
		};
		5F3489E0269CC1D600C2218B /* Controller */ = {
			isa = PBXGroup;
			children = (
				5F3489CE269CC19200C2218B /* ViewController.swift */,
				5F5D3E91269EBEB600CC046B /* DetailVC.swift */,
			);
			name = Controller;
			sourceTree = "<group>";
		};
		5F3489E1269CC1DD00C2218B /* CustomView */ = {
			isa = PBXGroup;
			children = (
				5FB4847326A5F7DF004D4633 /* EmptyState.swift */,
			);
			name = CustomView;
			sourceTree = "<group>";
		};
		5F3489E3269CC2BC00C2218B /* Cells */ = {
			isa = PBXGroup;
			children = (
				5F3489E5269CC2E600C2218B /* MovieCell.swift */,
			);
			name = Cells;
			sourceTree = "<group>";
		};
		5F3489F4269CC82000C2218B /* Managers */ = {
			isa = PBXGroup;
			children = (
				5F3489F5269CC82B00C2218B /* NetworkManager.swift */,
				5F3489F9269CC83300C2218B /* DatabaseManager.swift */,
			);
			name = Managers;
			sourceTree = "<group>";
		};
		5F415C8B26A0B86900421D49 /* Utilities */ = {
			isa = PBXGroup;
			children = (
				5F415C8C26A0B88900421D49 /* Constants.swift */,
			);
			name = Utilities;
			sourceTree = "<group>";
		};
		5F6177A826A1AFB8001FD222 /* TheMovieDBTests */ = {
			isa = PBXGroup;
			children = (
				5F6177A926A1AFB8001FD222 /* TheMovieDBTests.swift */,
				5F6177AB26A1AFB8001FD222 /* Info.plist */,
			);
			path = TheMovieDBTests;
			sourceTree = "<group>";
		};
		5F6177B826A1BC9A001FD222 /* TheMovieDBUITests */ = {
			isa = PBXGroup;
			children = (
				5F6177B926A1BC9A001FD222 /* TheMovieDBUITests.swift */,
				5F6177BB26A1BC9A001FD222 /* Info.plist */,
			);
			path = TheMovieDBUITests;
			sourceTree = "<group>";
		};
		5FB39E51269F0D4500CE5681 /* Response */ = {
			isa = PBXGroup;
			children = (
				5F3489EC269CC6F700C2218B /* MovieResponse.swift */,
				5F3489F0269CC7E900C2218B /* MoviesResponse.swift */,
				5FB39E52269F0D6100CE5681 /* SearchResponse.swift */,
			);
			name = Response;
			sourceTree = "<group>";
		};
/* End PBXGroup section */

/* Begin PBXNativeTarget section */
		5F3489C6269CC19200C2218B /* TheMovieDB */ = {
			isa = PBXNativeTarget;
			buildConfigurationList = 5F3489DB269CC19400C2218B /* Build configuration list for PBXNativeTarget "TheMovieDB" */;
			buildPhases = (
				5F3489C3269CC19200C2218B /* Sources */,
				5F3489C4269CC19200C2218B /* Frameworks */,
				5F3489C5269CC19200C2218B /* Resources */,
			);
			buildRules = (
			);
			dependencies = (
			);
			name = TheMovieDB;
			productName = TheMovieDB;
			productReference = 5F3489C7269CC19200C2218B /* TheMovieDB.app */;
			productType = "com.apple.product-type.application";
		};
		5F6177A626A1AFB8001FD222 /* TheMovieDBTests */ = {
			isa = PBXNativeTarget;
			buildConfigurationList = 5F6177B026A1AFB8001FD222 /* Build configuration list for PBXNativeTarget "TheMovieDBTests" */;
			buildPhases = (
				5F6177A326A1AFB8001FD222 /* Sources */,
				5F6177A426A1AFB8001FD222 /* Frameworks */,
				5F6177A526A1AFB8001FD222 /* Resources */,
			);
			buildRules = (
			);
			dependencies = (
				5F6177AD26A1AFB8001FD222 /* PBXTargetDependency */,
			);
			name = TheMovieDBTests;
			productName = TheMovieDBTests;
			productReference = 5F6177A726A1AFB8001FD222 /* TheMovieDBTests.xctest */;
			productType = "com.apple.product-type.bundle.unit-test";
		};
		5F6177B626A1BC9A001FD222 /* TheMovieDBUITests */ = {
			isa = PBXNativeTarget;
			buildConfigurationList = 5F6177BE26A1BC9A001FD222 /* Build configuration list for PBXNativeTarget "TheMovieDBUITests" */;
			buildPhases = (
				5F6177B326A1BC9A001FD222 /* Sources */,
				5F6177B426A1BC9A001FD222 /* Frameworks */,
				5F6177B526A1BC9A001FD222 /* Resources */,
			);
			buildRules = (
			);
			dependencies = (
				5F6177BD26A1BC9A001FD222 /* PBXTargetDependency */,
			);
			name = TheMovieDBUITests;
			productName = TheMovieDBUITests;
			productReference = 5F6177B726A1BC9A001FD222 /* TheMovieDBUITests.xctest */;
			productType = "com.apple.product-type.bundle.ui-testing";
		};
/* End PBXNativeTarget section */

/* Begin PBXProject section */
		5F3489BF269CC19200C2218B /* Project object */ = {
			isa = PBXProject;
			attributes = {
				LastSwiftUpdateCheck = 1240;
				LastUpgradeCheck = 1240;
				TargetAttributes = {
					5F3489C6269CC19200C2218B = {
						CreatedOnToolsVersion = 12.4;
					};
					5F6177A626A1AFB8001FD222 = {
						CreatedOnToolsVersion = 12.4;
						TestTargetID = 5F3489C6269CC19200C2218B;
					};
					5F6177B626A1BC9A001FD222 = {
						CreatedOnToolsVersion = 12.4;
						TestTargetID = 5F3489C6269CC19200C2218B;
					};
				};
			};
			buildConfigurationList = 5F3489C2269CC19200C2218B /* Build configuration list for PBXProject "TheMovieDB" */;
			compatibilityVersion = "Xcode 9.3";
			developmentRegion = en;
			hasScannedForEncodings = 0;
			knownRegions = (
				en,
				Base,
			);
			mainGroup = 5F3489BE269CC19200C2218B;
			productRefGroup = 5F3489C8269CC19200C2218B /* Products */;
			projectDirPath = "";
			projectRoot = "";
			targets = (
				5F3489C6269CC19200C2218B /* TheMovieDB */,
				5F6177A626A1AFB8001FD222 /* TheMovieDBTests */,
				5F6177B626A1BC9A001FD222 /* TheMovieDBUITests */,
			);
		};
/* End PBXProject section */

/* Begin PBXResourcesBuildPhase section */
		5F3489C5269CC19200C2218B /* Resources */ = {
			isa = PBXResourcesBuildPhase;
			buildActionMask = 2147483647;
			files = (
				5F3489D7269CC19400C2218B /* LaunchScreen.storyboard in Resources */,
				5F3489D4269CC19400C2218B /* Assets.xcassets in Resources */,
				5F3489D2269CC19200C2218B /* Main.storyboard in Resources */,
			);
			runOnlyForDeploymentPostprocessing = 0;
		};
		5F6177A526A1AFB8001FD222 /* Resources */ = {
			isa = PBXResourcesBuildPhase;
			buildActionMask = 2147483647;
			files = (
			);
			runOnlyForDeploymentPostprocessing = 0;
		};
		5F6177B526A1BC9A001FD222 /* Resources */ = {
			isa = PBXResourcesBuildPhase;
			buildActionMask = 2147483647;
			files = (
			);
			runOnlyForDeploymentPostprocessing = 0;
		};
/* End PBXResourcesBuildPhase section */

/* Begin PBXSourcesBuildPhase section */
		5F3489C3269CC19200C2218B /* Sources */ = {
			isa = PBXSourcesBuildPhase;
			buildActionMask = 2147483647;
			files = (
				5F3489F1269CC7E900C2218B /* MoviesResponse.swift in Sources */,
				5FB4847426A5F7DF004D4633 /* EmptyState.swift in Sources */,
				5F3489CF269CC19200C2218B /* ViewController.swift in Sources */,
				5FD1D2B3269E187900A42816 /* Movie.swift in Sources */,
				5F3489CB269CC19200C2218B /* AppDelegate.swift in Sources */,
				5F3489ED269CC6F700C2218B /* MovieResponse.swift in Sources */,
				5F5D3E92269EBEB600CC046B /* DetailVC.swift in Sources */,
				5FB39E53269F0D6100CE5681 /* SearchResponse.swift in Sources */,
				5F3489F6269CC82B00C2218B /* NetworkManager.swift in Sources */,
				5F3489E6269CC2E600C2218B /* MovieCell.swift in Sources */,
				5F3489CD269CC19200C2218B /* SceneDelegate.swift in Sources */,
				5F3489FA269CC83300C2218B /* DatabaseManager.swift in Sources */,
				5F415C8D26A0B88900421D49 /* Constants.swift in Sources */,
				5FD6D69926A41D2C00FA7593 /* MovieModel.xcdatamodeld in Sources */,
			);
			runOnlyForDeploymentPostprocessing = 0;
		};
		5F6177A326A1AFB8001FD222 /* Sources */ = {
			isa = PBXSourcesBuildPhase;
			buildActionMask = 2147483647;
			files = (
				5F6177AA26A1AFB8001FD222 /* TheMovieDBTests.swift in Sources */,
			);
			runOnlyForDeploymentPostprocessing = 0;
		};
		5F6177B326A1BC9A001FD222 /* Sources */ = {
			isa = PBXSourcesBuildPhase;
			buildActionMask = 2147483647;
			files = (
				5F6177BA26A1BC9A001FD222 /* TheMovieDBUITests.swift in Sources */,
			);
			runOnlyForDeploymentPostprocessing = 0;
		};
/* End PBXSourcesBuildPhase section */

/* Begin PBXTargetDependency section */
		5F6177AD26A1AFB8001FD222 /* PBXTargetDependency */ = {
			isa = PBXTargetDependency;
			target = 5F3489C6269CC19200C2218B /* TheMovieDB */;
			targetProxy = 5F6177AC26A1AFB8001FD222 /* PBXContainerItemProxy */;
		};
		5F6177BD26A1BC9A001FD222 /* PBXTargetDependency */ = {
			isa = PBXTargetDependency;
			target = 5F3489C6269CC19200C2218B /* TheMovieDB */;
			targetProxy = 5F6177BC26A1BC9A001FD222 /* PBXContainerItemProxy */;
		};
/* End PBXTargetDependency section */

/* Begin PBXVariantGroup section */
		5F3489D0269CC19200C2218B /* Main.storyboard */ = {
			isa = PBXVariantGroup;
			children = (
				5F3489D1269CC19200C2218B /* Base */,
			);
			name = Main.storyboard;
			sourceTree = "<group>";
		};
		5F3489D5269CC19400C2218B /* LaunchScreen.storyboard */ = {
			isa = PBXVariantGroup;
			children = (
				5F3489D6269CC19400C2218B /* Base */,
			);
			name = LaunchScreen.storyboard;
			sourceTree = "<group>";
		};
/* End PBXVariantGroup section */

/* Begin XCBuildConfiguration section */
		5F3489D9269CC19400C2218B /* Debug */ = {
			isa = XCBuildConfiguration;
			buildSettings = {
				ALWAYS_SEARCH_USER_PATHS = NO;
				CLANG_ANALYZER_NONNULL = YES;
				CLANG_ANALYZER_NUMBER_OBJECT_CONVERSION = YES_AGGRESSIVE;
				CLANG_CXX_LANGUAGE_STANDARD = "gnu++14";
				CLANG_CXX_LIBRARY = "libc++";
				CLANG_ENABLE_MODULES = YES;
				CLANG_ENABLE_OBJC_ARC = YES;
				CLANG_ENABLE_OBJC_WEAK = YES;
				CLANG_WARN_BLOCK_CAPTURE_AUTORELEASING = YES;
				CLANG_WARN_BOOL_CONVERSION = YES;
				CLANG_WARN_COMMA = YES;
				CLANG_WARN_CONSTANT_CONVERSION = YES;
				CLANG_WARN_DEPRECATED_OBJC_IMPLEMENTATIONS = YES;
				CLANG_WARN_DIRECT_OBJC_ISA_USAGE = YES_ERROR;
				CLANG_WARN_DOCUMENTATION_COMMENTS = YES;
				CLANG_WARN_EMPTY_BODY = YES;
				CLANG_WARN_ENUM_CONVERSION = YES;
				CLANG_WARN_INFINITE_RECURSION = YES;
				CLANG_WARN_INT_CONVERSION = YES;
				CLANG_WARN_NON_LITERAL_NULL_CONVERSION = YES;
				CLANG_WARN_OBJC_IMPLICIT_RETAIN_SELF = YES;
				CLANG_WARN_OBJC_LITERAL_CONVERSION = YES;
				CLANG_WARN_OBJC_ROOT_CLASS = YES_ERROR;
				CLANG_WARN_QUOTED_INCLUDE_IN_FRAMEWORK_HEADER = YES;
				CLANG_WARN_RANGE_LOOP_ANALYSIS = YES;
				CLANG_WARN_STRICT_PROTOTYPES = YES;
				CLANG_WARN_SUSPICIOUS_MOVE = YES;
				CLANG_WARN_UNGUARDED_AVAILABILITY = YES_AGGRESSIVE;
				CLANG_WARN_UNREACHABLE_CODE = YES;
				CLANG_WARN__DUPLICATE_METHOD_MATCH = YES;
				COPY_PHASE_STRIP = NO;
				DEBUG_INFORMATION_FORMAT = dwarf;
				ENABLE_STRICT_OBJC_MSGSEND = YES;
				ENABLE_TESTABILITY = YES;
				GCC_C_LANGUAGE_STANDARD = gnu11;
				GCC_DYNAMIC_NO_PIC = NO;
				GCC_NO_COMMON_BLOCKS = YES;
				GCC_OPTIMIZATION_LEVEL = 0;
				GCC_PREPROCESSOR_DEFINITIONS = (
					"DEBUG=1",
					"$(inherited)",
				);
				GCC_WARN_64_TO_32_BIT_CONVERSION = YES;
				GCC_WARN_ABOUT_RETURN_TYPE = YES_ERROR;
				GCC_WARN_UNDECLARED_SELECTOR = YES;
				GCC_WARN_UNINITIALIZED_AUTOS = YES_AGGRESSIVE;
				GCC_WARN_UNUSED_FUNCTION = YES;
				GCC_WARN_UNUSED_VARIABLE = YES;
				IPHONEOS_DEPLOYMENT_TARGET = 14.4;
				MTL_ENABLE_DEBUG_INFO = INCLUDE_SOURCE;
				MTL_FAST_MATH = YES;
				ONLY_ACTIVE_ARCH = YES;
				SDKROOT = iphoneos;
				SWIFT_ACTIVE_COMPILATION_CONDITIONS = DEBUG;
				SWIFT_OPTIMIZATION_LEVEL = "-Onone";
			};
			name = Debug;
		};
		5F3489DA269CC19400C2218B /* Release */ = {
			isa = XCBuildConfiguration;
			buildSettings = {
				ALWAYS_SEARCH_USER_PATHS = NO;
				CLANG_ANALYZER_NONNULL = YES;
				CLANG_ANALYZER_NUMBER_OBJECT_CONVERSION = YES_AGGRESSIVE;
				CLANG_CXX_LANGUAGE_STANDARD = "gnu++14";
				CLANG_CXX_LIBRARY = "libc++";
				CLANG_ENABLE_MODULES = YES;
				CLANG_ENABLE_OBJC_ARC = YES;
				CLANG_ENABLE_OBJC_WEAK = YES;
				CLANG_WARN_BLOCK_CAPTURE_AUTORELEASING = YES;
				CLANG_WARN_BOOL_CONVERSION = YES;
				CLANG_WARN_COMMA = YES;
				CLANG_WARN_CONSTANT_CONVERSION = YES;
				CLANG_WARN_DEPRECATED_OBJC_IMPLEMENTATIONS = YES;
				CLANG_WARN_DIRECT_OBJC_ISA_USAGE = YES_ERROR;
				CLANG_WARN_DOCUMENTATION_COMMENTS = YES;
				CLANG_WARN_EMPTY_BODY = YES;
				CLANG_WARN_ENUM_CONVERSION = YES;
				CLANG_WARN_INFINITE_RECURSION = YES;
				CLANG_WARN_INT_CONVERSION = YES;
				CLANG_WARN_NON_LITERAL_NULL_CONVERSION = YES;
				CLANG_WARN_OBJC_IMPLICIT_RETAIN_SELF = YES;
				CLANG_WARN_OBJC_LITERAL_CONVERSION = YES;
				CLANG_WARN_OBJC_ROOT_CLASS = YES_ERROR;
				CLANG_WARN_QUOTED_INCLUDE_IN_FRAMEWORK_HEADER = YES;
				CLANG_WARN_RANGE_LOOP_ANALYSIS = YES;
				CLANG_WARN_STRICT_PROTOTYPES = YES;
				CLANG_WARN_SUSPICIOUS_MOVE = YES;
				CLANG_WARN_UNGUARDED_AVAILABILITY = YES_AGGRESSIVE;
				CLANG_WARN_UNREACHABLE_CODE = YES;
				CLANG_WARN__DUPLICATE_METHOD_MATCH = YES;
				COPY_PHASE_STRIP = NO;
				DEBUG_INFORMATION_FORMAT = "dwarf-with-dsym";
				ENABLE_NS_ASSERTIONS = NO;
				ENABLE_STRICT_OBJC_MSGSEND = YES;
				GCC_C_LANGUAGE_STANDARD = gnu11;
				GCC_NO_COMMON_BLOCKS = YES;
				GCC_WARN_64_TO_32_BIT_CONVERSION = YES;
				GCC_WARN_ABOUT_RETURN_TYPE = YES_ERROR;
				GCC_WARN_UNDECLARED_SELECTOR = YES;
				GCC_WARN_UNINITIALIZED_AUTOS = YES_AGGRESSIVE;
				GCC_WARN_UNUSED_FUNCTION = YES;
				GCC_WARN_UNUSED_VARIABLE = YES;
				IPHONEOS_DEPLOYMENT_TARGET = 14.4;
				MTL_ENABLE_DEBUG_INFO = NO;
				MTL_FAST_MATH = YES;
				SDKROOT = iphoneos;
				SWIFT_COMPILATION_MODE = wholemodule;
				SWIFT_OPTIMIZATION_LEVEL = "-O";
				VALIDATE_PRODUCT = YES;
			};
			name = Release;
		};
		5F3489DC269CC19400C2218B /* Debug */ = {
			isa = XCBuildConfiguration;
			buildSettings = {
				ASSETCATALOG_COMPILER_APPICON_NAME = AppIcon;
				ASSETCATALOG_COMPILER_GLOBAL_ACCENT_COLOR_NAME = AccentColor;
				CODE_SIGN_STYLE = Automatic;
				DEVELOPMENT_TEAM = P29435PSW2;
				INFOPLIST_FILE = TheMovieDB/Info.plist;
				LD_RUNPATH_SEARCH_PATHS = (
					"$(inherited)",
					"@executable_path/Frameworks",
				);
				PRODUCT_BUNDLE_IDENTIFIER = pers.egemeninceler.TheMovieDB;
				PRODUCT_NAME = "$(TARGET_NAME)";
				SWIFT_VERSION = 5.0;
				TARGETED_DEVICE_FAMILY = "1,2";
			};
			name = Debug;
		};
		5F3489DD269CC19400C2218B /* Release */ = {
			isa = XCBuildConfiguration;
			buildSettings = {
				ASSETCATALOG_COMPILER_APPICON_NAME = AppIcon;
				ASSETCATALOG_COMPILER_GLOBAL_ACCENT_COLOR_NAME = AccentColor;
				CODE_SIGN_STYLE = Automatic;
				DEVELOPMENT_TEAM = P29435PSW2;
				INFOPLIST_FILE = TheMovieDB/Info.plist;
				LD_RUNPATH_SEARCH_PATHS = (
					"$(inherited)",
					"@executable_path/Frameworks",
				);
				PRODUCT_BUNDLE_IDENTIFIER = pers.egemeninceler.TheMovieDB;
				PRODUCT_NAME = "$(TARGET_NAME)";
				SWIFT_VERSION = 5.0;
				TARGETED_DEVICE_FAMILY = "1,2";
			};
			name = Release;
		};
		5F6177AE26A1AFB8001FD222 /* Debug */ = {
			isa = XCBuildConfiguration;
			buildSettings = {
				BUNDLE_LOADER = "$(TEST_HOST)";
				CODE_SIGN_STYLE = Automatic;
				DEVELOPMENT_TEAM = P29435PSW2;
				INFOPLIST_FILE = TheMovieDBTests/Info.plist;
				LD_RUNPATH_SEARCH_PATHS = (
					"$(inherited)",
					"@executable_path/Frameworks",
					"@loader_path/Frameworks",
				);
				PRODUCT_BUNDLE_IDENTIFIER = pers.egemeninceler.TheMovieDBTests;
				PRODUCT_NAME = "$(TARGET_NAME)";
				SWIFT_VERSION = 5.0;
				TARGETED_DEVICE_FAMILY = "1,2";
				TEST_HOST = "$(BUILT_PRODUCTS_DIR)/TheMovieDB.app/TheMovieDB";
			};
			name = Debug;
		};
		5F6177AF26A1AFB8001FD222 /* Release */ = {
			isa = XCBuildConfiguration;
			buildSettings = {
				BUNDLE_LOADER = "$(TEST_HOST)";
				CODE_SIGN_STYLE = Automatic;
				DEVELOPMENT_TEAM = P29435PSW2;
				INFOPLIST_FILE = TheMovieDBTests/Info.plist;
				LD_RUNPATH_SEARCH_PATHS = (
					"$(inherited)",
					"@executable_path/Frameworks",
					"@loader_path/Frameworks",
				);
				PRODUCT_BUNDLE_IDENTIFIER = pers.egemeninceler.TheMovieDBTests;
				PRODUCT_NAME = "$(TARGET_NAME)";
				SWIFT_VERSION = 5.0;
				TARGETED_DEVICE_FAMILY = "1,2";
				TEST_HOST = "$(BUILT_PRODUCTS_DIR)/TheMovieDB.app/TheMovieDB";
			};
			name = Release;
		};
		5F6177BF26A1BC9A001FD222 /* Debug */ = {
			isa = XCBuildConfiguration;
			buildSettings = {
				CODE_SIGN_STYLE = Automatic;
				DEVELOPMENT_TEAM = P29435PSW2;
				INFOPLIST_FILE = TheMovieDBUITests/Info.plist;
				LD_RUNPATH_SEARCH_PATHS = (
					"$(inherited)",
					"@executable_path/Frameworks",
					"@loader_path/Frameworks",
				);
				PRODUCT_BUNDLE_IDENTIFIER = pers.egemeninceler.TheMovieDBUITests;
				PRODUCT_NAME = "$(TARGET_NAME)";
				SWIFT_VERSION = 5.0;
				TARGETED_DEVICE_FAMILY = "1,2";
				TEST_TARGET_NAME = TheMovieDB;
			};
			name = Debug;
		};
		5F6177C026A1BC9A001FD222 /* Release */ = {
			isa = XCBuildConfiguration;
			buildSettings = {
				CODE_SIGN_STYLE = Automatic;
				DEVELOPMENT_TEAM = P29435PSW2;
				INFOPLIST_FILE = TheMovieDBUITests/Info.plist;
				LD_RUNPATH_SEARCH_PATHS = (
					"$(inherited)",
					"@executable_path/Frameworks",
					"@loader_path/Frameworks",
				);
				PRODUCT_BUNDLE_IDENTIFIER = pers.egemeninceler.TheMovieDBUITests;
				PRODUCT_NAME = "$(TARGET_NAME)";
				SWIFT_VERSION = 5.0;
				TARGETED_DEVICE_FAMILY = "1,2";
				TEST_TARGET_NAME = TheMovieDB;
			};
			name = Release;
		};
/* End XCBuildConfiguration section */

/* Begin XCConfigurationList section */
		5F3489C2269CC19200C2218B /* Build configuration list for PBXProject "TheMovieDB" */ = {
			isa = XCConfigurationList;
			buildConfigurations = (
				5F3489D9269CC19400C2218B /* Debug */,
				5F3489DA269CC19400C2218B /* Release */,
			);
			defaultConfigurationIsVisible = 0;
			defaultConfigurationName = Release;
		};
		5F3489DB269CC19400C2218B /* Build configuration list for PBXNativeTarget "TheMovieDB" */ = {
			isa = XCConfigurationList;
			buildConfigurations = (
				5F3489DC269CC19400C2218B /* Debug */,
				5F3489DD269CC19400C2218B /* Release */,
			);
			defaultConfigurationIsVisible = 0;
			defaultConfigurationName = Release;
		};
		5F6177B026A1AFB8001FD222 /* Build configuration list for PBXNativeTarget "TheMovieDBTests" */ = {
			isa = XCConfigurationList;
			buildConfigurations = (
				5F6177AE26A1AFB8001FD222 /* Debug */,
				5F6177AF26A1AFB8001FD222 /* Release */,
			);
			defaultConfigurationIsVisible = 0;
			defaultConfigurationName = Release;
		};
		5F6177BE26A1BC9A001FD222 /* Build configuration list for PBXNativeTarget "TheMovieDBUITests" */ = {
			isa = XCConfigurationList;
			buildConfigurations = (
				5F6177BF26A1BC9A001FD222 /* Debug */,
				5F6177C026A1BC9A001FD222 /* Release */,
			);
			defaultConfigurationIsVisible = 0;
			defaultConfigurationName = Release;
		};
/* End XCConfigurationList section */

/* Begin XCVersionGroup section */
		5FD6D69726A41D2C00FA7593 /* MovieModel.xcdatamodeld */ = {
			isa = XCVersionGroup;
			children = (
				5FD6D69826A41D2C00FA7593 /* MovieModel.xcdatamodel */,
			);
			currentVersion = 5FD6D69826A41D2C00FA7593 /* MovieModel.xcdatamodel */;
			path = MovieModel.xcdatamodeld;
			sourceTree = "<group>";
			versionGroupType = wrapper.xcdatamodel;
		};
/* End XCVersionGroup section */
	};
	rootObject = 5F3489BF269CC19200C2218B /* Project object */;
}
